
Microsoft Visual Studio Solution File, Format Version 12.00
# Visual Studio Version 17
VisualStudioVersion = 17.0.31912.275
MinimumVisualStudioVersion = 10.0.40219.1
Project("{9A19103F-16F7-4668-BE54-9A1E7A4F7556}") = "csharp_console", "csharp_console\csharp_console.csproj", "{9DC97F14-F5E6-4C7F-910E-202A9DB6B619}"
EndProject
Project("{9A19103F-16F7-4668-BE54-9A1E7A4F7556}") = "sftpTest", "sftpTest\sftpTest.csproj", "{1022BEF7-C548-4D08-A369-2071F55CE3F4}"
EndProject
Project("{9A19103F-16F7-4668-BE54-9A1E7A4F7556}") = "Combination", "Combination\Combination.csproj", "{46BF7FEC-AD7E-407D-A9B2-46D83715D7EC}"
EndProject
Project("{9A19103F-16F7-4668-BE54-9A1E7A4F7556}") = "EntwicklerHeld", "EntwicklerHeld\EntwicklerHeld.csproj", "{176BEF55-DF26-480F-9DAE-29C69D65685E}"
EndProject
Project("{9A19103F-16F7-4668-BE54-9A1E7A4F7556}") = "GoogleCodeJam", "GoogleCodeJam\GoogleCodeJam.csproj", "{15054E87-03A0-4A18-809E-5AC2EDC46405}"
EndProject
Project("{FAE04EC0-301F-11D3-BF4B-00C04F79EFBC}") = "LeetcodeContest", "LeetcodeContest\LeetcodeContest.csproj", "{38D3DCEC-7A2D-4B14-9019-F5DC4ADAB925}"
EndProject
Global
	GlobalSection(SolutionConfigurationPlatforms) = preSolution
		Debug|Any CPU = Debug|Any CPU
		Release|Any CPU = Release|Any CPU
	EndGlobalSection
	GlobalSection(ProjectConfigurationPlatforms) = postSolution
		{9DC97F14-F5E6-4C7F-910E-202A9DB6B619}.Debug|Any CPU.ActiveCfg = Debug|Any CPU
		{9DC97F14-F5E6-4C7F-910E-202A9DB6B619}.Debug|Any CPU.Build.0 = Debug|Any CPU
		{9DC97F14-F5E6-4C7F-910E-202A9DB6B619}.Release|Any CPU.ActiveCfg = Release|Any CPU
		{9DC97F14-F5E6-4C7F-910E-202A9DB6B619}.Release|Any CPU.Build.0 = Release|Any CPU
		{1022BEF7-C548-4D08-A369-2071F55CE3F4}.Debug|Any CPU.ActiveCfg = Debug|Any CPU
		{1022BEF7-C548-4D08-A369-2071F55CE3F4}.Debug|Any CPU.Build.0 = Debug|Any CPU
		{1022BEF7-C548-4D08-A369-2071F55CE3F4}.Release|Any CPU.ActiveCfg = Release|Any CPU
		{1022BEF7-C548-4D08-A369-2071F55CE3F4}.Release|Any CPU.Build.0 = Release|Any CPU
		{46BF7FEC-AD7E-407D-A9B2-46D83715D7EC}.Debug|Any CPU.ActiveCfg = Debug|Any CPU
		{46BF7FEC-AD7E-407D-A9B2-46D83715D7EC}.Debug|Any CPU.Build.0 = Debug|Any CPU
		{46BF7FEC-AD7E-407D-A9B2-46D83715D7EC}.Release|Any CPU.ActiveCfg = Release|Any CPU
		{46BF7FEC-AD7E-407D-A9B2-46D83715D7EC}.Release|Any CPU.Build.0 = Release|Any CPU
		{176BEF55-DF26-480F-9DAE-29C69D65685E}.Debug|Any CPU.ActiveCfg = Debug|Any CPU
		{176BEF55-DF26-480F-9DAE-29C69D65685E}.Debug|Any CPU.Build.0 = Debug|Any CPU
		{176BEF55-DF26-480F-9DAE-29C69D65685E}.Release|Any CPU.ActiveCfg = Release|Any CPU
		{176BEF55-DF26-480F-9DAE-29C69D65685E}.Release|Any CPU.Build.0 = Release|Any CPU
		{15054E87-03A0-4A18-809E-5AC2EDC46405}.Debug|Any CPU.ActiveCfg = Debug|Any CPU
		{15054E87-03A0-4A18-809E-5AC2EDC46405}.Debug|Any CPU.Build.0 = Debug|Any CPU
		{15054E87-03A0-4A18-809E-5AC2EDC46405}.Release|Any CPU.ActiveCfg = Release|Any CPU
		{15054E87-03A0-4A18-809E-5AC2EDC46405}.Release|Any CPU.Build.0 = Release|Any CPU
		{38D3DCEC-7A2D-4B14-9019-F5DC4ADAB925}.Debug|Any CPU.ActiveCfg = Debug|Any CPU
		{38D3DCEC-7A2D-4B14-9019-F5DC4ADAB925}.Debug|Any CPU.Build.0 = Debug|Any CPU
		{38D3DCEC-7A2D-4B14-9019-F5DC4ADAB925}.Release|Any CPU.ActiveCfg = Release|Any CPU
		{38D3DCEC-7A2D-4B14-9019-F5DC4ADAB925}.Release|Any CPU.Build.0 = Release|Any CPU
	EndGlobalSection
	GlobalSection(SolutionProperties) = preSolution
		HideSolutionNode = FALSE
	EndGlobalSection
	GlobalSection(ExtensibilityGlobals) = postSolution
		SolutionGuid = {5F86CD23-BFA9-4DE9-825C-82AE28D06267}
	EndGlobalSection
EndGlobal
